# This file is generated by running "yarn install" inside your project.
# Manual changes might be lost - proceed with caution!

__metadata:
  version: 6
  cacheKey: 8

"@types/chrome@npm:^0.0.220":
  version: 0.0.220
  resolution: "@types/chrome@npm:0.0.220"
  dependencies:
    "@types/filesystem": "*"
    "@types/har-format": "*"
  checksum: 774c722daecb84ecf86d7128ed8747a560085012cc4e564179fad75838c536cded1e5d54aea359b25ad488bd21a826d2fee511495279f71286c3f7a370fb24e6
  languageName: node
  linkType: hard

"@types/filesystem@npm:*":
  version: 0.0.32
  resolution: "@types/filesystem@npm:0.0.32"
  dependencies:
    "@types/filewriter": "*"
  checksum: 4b9079d200a3b241722b90e1c5806c4b32c4dac87d42a1c7ef76a2c0dafdbe7d5f1a379b873ad5de73622b44de6599e1522908f67b938d54e785bd1c36e302a0
  languageName: node
  linkType: hard

"@types/filewriter@npm:*":
  version: 0.0.29
  resolution: "@types/filewriter@npm:0.0.29"
  checksum: 0c58aa875c2c245be7dbc42b20212f3203e13d11ec013a4a5cd0febf0e8b87214be5882c05ff9d7bdf0398f145a4fdbc24b7e6cf7b094e134a3b4c7a0598502f
  languageName: node
  linkType: hard

"@types/har-format@npm:*":
  version: 1.2.10
  resolution: "@types/har-format@npm:1.2.10"
  checksum: 14c0118d809e77a0bac9deec0a87159c28beab21105cfce3aa291b51e28d4c07142851c4e6b93b7ecb4ea237fe07d39ba98a42bb2de2f5891144733411ac76b7
  languageName: node
  linkType: hard

"@types/jquery@npm:^3.5.16":
  version: 3.5.16
  resolution: "@types/jquery@npm:3.5.16"
  dependencies:
    "@types/sizzle": "*"
  checksum: 13c995f15d1c2f1d322103dc1cb0a22b95eecc3e7546f00279b8731aea21d7ec04550af40e609ee48e755d4e11bf61c25b4aa9f53df3bcbec4b8fe8e81471732
  languageName: node
  linkType: hard

"@types/sizzle@npm:*":
  version: 2.3.3
  resolution: "@types/sizzle@npm:2.3.3"
  checksum: 586a9fb1f6ff3e325e0f2cc1596a460615f0bc8a28f6e276ac9b509401039dd242fa8b34496d3a30c52f5b495873922d09a9e76c50c2ab2bcc70ba3fb9c4e160
  languageName: node
  linkType: hard

"genius-enhancer@workspace:.":
  version: 0.0.0-use.local
  resolution: "genius-enhancer@workspace:."
  dependencies:
    "@types/chrome": ^0.0.220
    "@types/jquery": ^3.5.16
    prettier: ^2.8.4
    typescript: ^4.9.5
  languageName: unknown
  linkType: soft

"prettier@npm:^2.8.4":
  version: 2.8.4
  resolution: "prettier@npm:2.8.4"
  bin:
    prettier: bin-prettier.js
  checksum: c173064bf3df57b6d93d19aa98753b9b9dd7657212e33b41ada8e2e9f9884066bb9ca0b4005b89b3ab137efffdf8fbe0b462785aba20364798ff4303aadda57e
  languageName: node
  linkType: hard

"typescript@npm:^4.9.5":
  version: 4.9.5
  resolution: "typescript@npm:4.9.5"
  bin:
    tsc: bin/tsc
    tsserver: bin/tsserver
  checksum: ee000bc26848147ad423b581bd250075662a354d84f0e06eb76d3b892328d8d4440b7487b5a83e851b12b255f55d71835b008a66cbf8f255a11e4400159237db
  languageName: node
  linkType: hard

"typescript@patch:typescript@^4.9.5#~builtin<compat/typescript>":
  version: 4.9.5
  resolution: "typescript@patch:typescript@npm%3A4.9.5#~builtin<compat/typescript>::version=4.9.5&hash=23ec76"
  bin:
    tsc: bin/tsc
    tsserver: bin/tsserver
  checksum: ab417a2f398380c90a6cf5a5f74badd17866adf57f1165617d6a551f059c3ba0a3e4da0d147b3ac5681db9ac76a303c5876394b13b3de75fdd5b1eaa06181c9d
  languageName: node
  linkType: hard
